
Microsoft Visual Studio Solution File, Format Version 12.00
# Visual Studio 14
VisualStudioVersion = 14.0.25420.1
MinimumVisualStudioVersion = 10.0.40219.1
Project("{FAE04EC0-301F-11D3-BF4B-00C04F79EFBC}") = "libflist", "libflist\libflist.csproj", "{168B34A7-3D90-4B8A-9D03-FDA382702F26}"
EndProject
Project("{FAE04EC0-301F-11D3-BF4B-00C04F79EFBC}") = "ConsoleMessenger", "ConsoleMessenger\ConsoleMessenger.csproj", "{05EDE2F8-EF8B-4FDB-8B80-B80665C90001}"
EndProject
Project("{FAE04EC0-301F-11D3-BF4B-00C04F79EFBC}") = "XAMLMessenger", "XAMLMessenger\XAMLMessenger.csproj", "{1120647F-1617-40AA-8C7A-0A39CD93872F}"
EndProject
Global
	GlobalSection(SolutionConfigurationPlatforms) = preSolution
		Debug|Any CPU = Debug|Any CPU
		Debug|x86 = Debug|x86
		Release|Any CPU = Release|Any CPU
		Release|x86 = Release|x86
	EndGlobalSection
	GlobalSection(ProjectConfigurationPlatforms) = postSolution
		{168B34A7-3D90-4B8A-9D03-FDA382702F26}.Debug|Any CPU.ActiveCfg = Debug|Any CPU
		{168B34A7-3D90-4B8A-9D03-FDA382702F26}.Debug|Any CPU.Build.0 = Debug|Any CPU
		{168B34A7-3D90-4B8A-9D03-FDA382702F26}.Debug|x86.ActiveCfg = Debug|Any CPU
		{168B34A7-3D90-4B8A-9D03-FDA382702F26}.Debug|x86.Build.0 = Debug|Any CPU
		{168B34A7-3D90-4B8A-9D03-FDA382702F26}.Release|Any CPU.ActiveCfg = Release|Any CPU
		{168B34A7-3D90-4B8A-9D03-FDA382702F26}.Release|Any CPU.Build.0 = Release|Any CPU
		{168B34A7-3D90-4B8A-9D03-FDA382702F26}.Release|x86.ActiveCfg = Release|Any CPU
		{168B34A7-3D90-4B8A-9D03-FDA382702F26}.Release|x86.Build.0 = Release|Any CPU
		{05EDE2F8-EF8B-4FDB-8B80-B80665C90001}.Debug|Any CPU.ActiveCfg = Debug|Any CPU
		{05EDE2F8-EF8B-4FDB-8B80-B80665C90001}.Debug|Any CPU.Build.0 = Debug|Any CPU
		{05EDE2F8-EF8B-4FDB-8B80-B80665C90001}.Debug|x86.ActiveCfg = Debug|Any CPU
		{05EDE2F8-EF8B-4FDB-8B80-B80665C90001}.Debug|x86.Build.0 = Debug|Any CPU
		{05EDE2F8-EF8B-4FDB-8B80-B80665C90001}.Release|Any CPU.ActiveCfg = Release|Any CPU
		{05EDE2F8-EF8B-4FDB-8B80-B80665C90001}.Release|Any CPU.Build.0 = Release|Any CPU
		{05EDE2F8-EF8B-4FDB-8B80-B80665C90001}.Release|x86.ActiveCfg = Release|Any CPU
		{05EDE2F8-EF8B-4FDB-8B80-B80665C90001}.Release|x86.Build.0 = Release|Any CPU
		{1120647F-1617-40AA-8C7A-0A39CD93872F}.Debug|Any CPU.ActiveCfg = Debug|Any CPU
		{1120647F-1617-40AA-8C7A-0A39CD93872F}.Debug|Any CPU.Build.0 = Debug|Any CPU
		{1120647F-1617-40AA-8C7A-0A39CD93872F}.Debug|x86.ActiveCfg = Debug|Any CPU
		{1120647F-1617-40AA-8C7A-0A39CD93872F}.Debug|x86.Build.0 = Debug|Any CPU
		{1120647F-1617-40AA-8C7A-0A39CD93872F}.Release|Any CPU.ActiveCfg = Release|Any CPU
		{1120647F-1617-40AA-8C7A-0A39CD93872F}.Release|Any CPU.Build.0 = Release|Any CPU
		{1120647F-1617-40AA-8C7A-0A39CD93872F}.Release|x86.ActiveCfg = Release|Any CPU
		{1120647F-1617-40AA-8C7A-0A39CD93872F}.Release|x86.Build.0 = Release|Any CPU
	EndGlobalSection
	GlobalSection(SolutionProperties) = preSolution
		HideSolutionNode = FALSE
	EndGlobalSection
EndGlobal
